
Microsoft Visual Studio Solution File, Format Version 12.00
# Visual Studio Version 17
VisualStudioVersion = 17.5.33627.172
MinimumVisualStudioVersion = 10.0.40219.1
Project("{FAE04EC0-301F-11D3-BF4B-00C04F79EFBC}") = "CitiesManager.WebApi", "CitiesManager.WebApi\CitiesManager.WebApi.csproj", "{22D85521-16BF-461A-A16B-0A79D1AD9ADE}"
EndProject
Global
	GlobalSection(SolutionConfigurationPlatforms) = preSolution
		Debug|Any CPU = Debug|Any CPU
		Release|Any CPU = Release|Any CPU
	EndGlobalSection
	GlobalSection(ProjectConfigurationPlatforms) = postSolution
		{22D85521-16BF-461A-A16B-0A79D1AD9ADE}.Debug|Any CPU.ActiveCfg = Debug|Any CPU
		{22D85521-16BF-461A-A16B-0A79D1AD9ADE}.Debug|Any CPU.Build.0 = Debug|Any CPU
		{22D85521-16BF-461A-A16B-0A79D1AD9ADE}.Release|Any CPU.ActiveCfg = Release|Any CPU
		{22D85521-16BF-461A-A16B-0A79D1AD9ADE}.Release|Any CPU.Build.0 = Release|Any CPU
	EndGlobalSection
	GlobalSection(SolutionProperties) = preSolution
		HideSolutionNode = FALSE
	EndGlobalSection
	GlobalSection(ExtensibilityGlobals) = postSolution
		SolutionGuid = {94F0B54E-CA5E-465B-A96D-7401B6D349CA}
	EndGlobalSection
EndGlobal
